
Microsoft Visual Studio Solution File, Format Version 12.00
# Visual Studio Version 17
VisualStudioVersion = 17.11.35222.181
MinimumVisualStudioVersion = 10.0.40219.1
Project("{9A19103F-16F7-4668-BE54-9A1E7A4F7556}") = "H2MSpoof", "H2MSpoof\H2MSpoof.csproj", "{ED025B58-DD3E-486E-8634-714B4C7B6ADF}"
EndProject
Global
	GlobalSection(SolutionConfigurationPlatforms) = preSolution
		Debug|Any CPU = Debug|Any CPU
		Debug|x64 = Debug|x64
		Release|Any CPU = Release|Any CPU
		Release|x64 = Release|x64
	EndGlobalSection
	GlobalSection(ProjectConfigurationPlatforms) = postSolution
		{ED025B58-DD3E-486E-8634-714B4C7B6ADF}.Debug|Any CPU.ActiveCfg = Debug|Any CPU
		{ED025B58-DD3E-486E-8634-714B4C7B6ADF}.Debug|Any CPU.Build.0 = Debug|Any CPU
		{ED025B58-DD3E-486E-8634-714B4C7B6ADF}.Debug|x64.ActiveCfg = Debug|x64
		{ED025B58-DD3E-486E-8634-714B4C7B6ADF}.Debug|x64.Build.0 = Debug|x64
		{ED025B58-DD3E-486E-8634-714B4C7B6ADF}.Release|Any CPU.ActiveCfg = Release|Any CPU
		{ED025B58-DD3E-486E-8634-714B4C7B6ADF}.Release|Any CPU.Build.0 = Release|Any CPU
		{ED025B58-DD3E-486E-8634-714B4C7B6ADF}.Release|x64.ActiveCfg = Release|x64
		{ED025B58-DD3E-486E-8634-714B4C7B6ADF}.Release|x64.Build.0 = Release|x64
	EndGlobalSection
	GlobalSection(SolutionProperties) = preSolution
		HideSolutionNode = FALSE
	EndGlobalSection
	GlobalSection(ExtensibilityGlobals) = postSolution
		SolutionGuid = {9E1E8FEE-B3AF-4302-ACA2-27EE2B92E788}
	EndGlobalSection
EndGlobal
